{
  "requires": true,
  "lockfileVersion": 1,
  "dependencies": {
    "@angular/common": {
      "version": "11.2.12",
      "resolved": "https://registry.npmjs.org/@angular/common/-/common-11.2.12.tgz",
      "integrity": "sha512-PEg2K/gNm7xia4WJn9hDieJiPvaJtfBaI5RGriVuGhvss2rNg3yKjkt8q0+6CoN/PWJ1Yi6BRgdCAOqt25SiWA==",
      "requires": {
        "tslib": "^2.0.0"
      }
    },
    "@angular/compiler": {
      "version": "11.2.12",
      "resolved": "https://registry.npmjs.org/@angular/compiler/-/compiler-11.2.12.tgz",
      "integrity": "sha512-//YCDIxNYWNKxIP9ynJAjEuUT3Q3g8XsQnG9vJKkXsBLiQ/WgtX0qQBSm9A6XvnJCUGXnGNgpqTLp8jhN5izqg==",
      "requires": {
        "tslib": "^2.0.0"
      }
    },
    "@angular/core": {
      "version": "11.2.12",
      "resolved": "https://registry.npmjs.org/@angular/core/-/core-11.2.12.tgz",
      "integrity": "sha512-YnHzPNFZIfeIUJrVz+AJSNzufshzVIL3qg9CvKIUQPIjiQt2wxGLSi9KHEupxLrxfdh9gZ3C0gc8weASSkbQpg==",
      "requires": {
        "tslib": "^2.0.0"
      }
    },
    "@angular/platform-browser": {
      "version": "11.2.12",
      "resolved": "https://registry.npmjs.org/@angular/platform-browser/-/platform-browser-11.2.12.tgz",
      "integrity": "sha512-m3soGtmbdnmsa7CLzN+ggP5AvmL5YpRebZlUxd1P0mCicxuTNUYqpqKOBe0Y1OeKTgARH8McJrrKoxXc4DAojg==",
      "requires": {
        "tslib": "^2.0.0"
      }
    },
    "@angular/platform-browser-dynamic": {
      "version": "11.2.12",
      "resolved": "https://registry.npmjs.org/@angular/platform-browser-dynamic/-/platform-browser-dynamic-11.2.12.tgz",
      "integrity": "sha512-o/Debr3Lab5sN+re0B/KrKG9YX2Ld/ZNi4HgX3dkm6YZWhFx9rVrU7BrB8Q8NO6aig2Udh19MhMDCtIvCPFecA==",
      "requires": {
        "tslib": "^2.0.0"
      }
    },
    "colorette": {
      "version": "1.2.2",
      "resolved": "https://registry.npmjs.org/colorette/-/colorette-1.2.2.tgz",
      "integrity": "sha512-MKGMzyfeuutC/ZJ1cba9NqcNpfeqMUcYmyF1ZFY6/Cn7CNSAKx6a+s48sqLqyAiZuaP2TcqMhoo+dlwFnVxT9w==",
      "dev": true
    },
    "esbuild": {
      "version": "0.9.7",
      "resolved": "https://registry.npmjs.org/esbuild/-/esbuild-0.9.7.tgz",
      "integrity": "sha512-VtUf6aQ89VTmMLKrWHYG50uByMF4JQlVysb8dmg6cOgW8JnFCipmz7p+HNBl+RR3LLCuBxFGVauAe2wfnF9bLg==",
      "dev": true
    },
    "fsevents": {
      "version": "2.3.2",
      "resolved": "https://registry.npmjs.org/fsevents/-/fsevents-2.3.2.tgz",
      "integrity": "sha512-xiqMQR4xAeHTuB9uWm+fFRcIOgKBMiOBP+eXiyT7jsgVCq1bkVygt00oASowB7EdtpOHaaPgKt812P9ab+DDKA==",
      "dev": true,
      "optional": true
    },
    "function-bind": {
      "version": "1.1.1",
      "resolved": "https://registry.npmjs.org/function-bind/-/function-bind-1.1.1.tgz",
      "integrity": "sha512-yIovAzMX49sF8Yl58fSCWJ5svSLuaibPxXQJFLmBObTuCr0Mf1KiPopGM9NiFjiYBCbfaa2Fh6breQ6ANVTI0A==",
      "dev": true
    },
    "has": {
      "version": "1.0.3",
      "resolved": "https://registry.npmjs.org/has/-/has-1.0.3.tgz",
      "integrity": "sha512-f2dvO0VU6Oej7RkWJGrehjbzMAjFp5/VKPp5tTpWIV4JHHZK1/BxbFRtf/siA2SWTe09caDmVtYYzWEIbBS4zw==",
      "dev": true,
      "requires": {
        "function-bind": "^1.1.1"
      }
    },
    "is-core-module": {
      "version": "2.3.0",
      "resolved": "https://registry.npmjs.org/is-core-module/-/is-core-module-2.3.0.tgz",
      "integrity": "sha512-xSphU2KG9867tsYdLD4RWQ1VqdFl4HTO9Thf3I/3dLEfr0dbPTWKsuCKrgqMljg4nPE+Gq0VCnzT3gr0CyBmsw==",
      "dev": true,
      "requires": {
        "has": "^1.0.3"
      }
    },
    "nanoid": {
      "version": "3.1.22",
      "resolved": "https://registry.npmjs.org/nanoid/-/nanoid-3.1.22.tgz",
      "integrity": "sha512-/2ZUaJX2ANuLtTvqTlgqBQNJoQO398KyJgZloL0PZkC0dpysjncRUPsFe3DUPzz/y3h+u7C46np8RMuvF3jsSQ==",
      "dev": true
    },
    "path-parse": {
      "version": "1.0.6",
      "resolved": "https://registry.npmjs.org/path-parse/-/path-parse-1.0.6.tgz",
      "integrity": "sha512-GSmOT2EbHrINBf9SR7CDELwlJ8AENk3Qn7OikK4nFYAu3Ote2+JYNVvkpAEQm3/TLNEJFD/xZJjzyxg3KBWOzw==",
      "dev": true
    },
    "postcss": {
      "version": "8.2.13",
      "resolved": "https://registry.npmjs.org/postcss/-/postcss-8.2.13.tgz",
      "integrity": "sha512-FCE5xLH+hjbzRdpbRb1IMCvPv9yZx2QnDarBEYSN0N0HYk+TcXsEhwdFcFb+SRWOKzKGErhIEbBK2ogyLdTtfQ==",
      "dev": true,
      "requires": {
        "colorette": "^1.2.2",
        "nanoid": "^3.1.22",
        "source-map": "^0.6.1"
      }
    },
    "resolve": {
      "version": "1.20.0",
      "resolved": "https://registry.npmjs.org/resolve/-/resolve-1.20.0.tgz",
      "integrity": "sha512-wENBPt4ySzg4ybFQW2TT1zMQucPK95HSh/nq2CFTZVOGut2+pQvSsgtda4d26YrYcr067wjbmzOG8byDPBX63A==",
      "dev": true,
      "requires": {
        "is-core-module": "^2.2.0",
        "path-parse": "^1.0.6"
      }
    },
    "rollup": {
      "version": "2.47.0",
      "resolved": "https://registry.npmjs.org/rollup/-/rollup-2.47.0.tgz",
      "integrity": "sha512-rqBjgq9hQfW0vRmz+0S062ORRNJXvwRpzxhFXORvar/maZqY6za3rgQ/p1Glg+j1hnc1GtYyQCPiAei95uTElg==",
      "dev": true,
      "requires": {
        "fsevents": "~2.3.1"
      }
    },
    "rxjs": {
      "version": "6.6.7",
      "resolved": "https://registry.npmjs.org/rxjs/-/rxjs-6.6.7.tgz",
      "integrity": "sha512-hTdwr+7yYNIT5n4AMYp85KA6yw2Va0FLa3Rguvbpa4W3I5xynaBZo41cM3XM+4Q6fRMj3sBYIR1VAmZMXYJvRQ==",
      "requires": {
        "tslib": "^1.9.0"
      },
      "dependencies": {
        "tslib": {
          "version": "1.14.1",
          "resolved": "https://registry.npmjs.org/tslib/-/tslib-1.14.1.tgz",
          "integrity": "sha512-Xni35NKzjgMrwevysHTCArtLDpPvye8zV/0E4EyYn43P7/7qvQwPh9BGkHewbMulVntbigmcT7rdX3BNo9wRJg=="
        }
      }
    },
    "source-map": {
      "version": "0.6.1",
      "resolved": "https://registry.npmjs.org/source-map/-/source-map-0.6.1.tgz",
      "integrity": "sha512-UjgapumWlbMhkBgzT7Ykc5YXUT46F0iKu8SGXq0bcwP5dz/h0Plj6enJqjz1Zbq2l5WaqYnrVbwWOWMyF3F47g==",
      "dev": true
    },
    "tslib": {
      "version": "2.2.0",
      "resolved": "https://registry.npmjs.org/tslib/-/tslib-2.2.0.tgz",
      "integrity": "sha512-gS9GVHRU+RGn5KQM2rllAlR3dU6m7AcpJKdtH8gFvQiC4Otgk98XnmMU+nZenHt/+VhnBPWwgrJsyrdcw6i23w=="
    },
    "vite": {
      "version": "2.2.4",
      "resolved": "https://registry.npmjs.org/vite/-/vite-2.2.4.tgz",
      "integrity": "sha512-vnIwSNci+phFMp6krhy+FbYzKL0R67Sdt9mVZ96S27AewrApSJjTqncJcalk8sf60BgcbW4+1C6DFIWkxquO9g==",
      "dev": true,
      "requires": {
        "esbuild": "^0.9.3",
        "fsevents": "~2.3.1",
        "postcss": "^8.2.1",
        "resolve": "^1.19.0",
        "rollup": "^2.38.5"
      }
    }
  }
}
